{
   "name": "@cw-types/azure-func",
   "version": "1.0.1",
   "lockfileVersion": 1,
   "requires": true,
   "dependencies": {
      "@cw-types/ambient-types": {
         "version": "1.0.3",
         "resolved": "https://registry.npmjs.org/@cw-types/ambient-types/-/ambient-types-1.0.3.tgz",
         "integrity": "sha512-h87DfUCuE6zt+k5fYr7xD4Fxdx4pqnz94zggMOYSfvAw4xQMoGYEhrgZVYovv6xBoSZ5tnj1y7GYZG6xSEP1Bg=="
      },
      "@types/node": {
         "version": "8.0.33",
         "resolved": "https://registry.npmjs.org/@types/node/-/node-8.0.33.tgz",
         "integrity": "sha512-vmCdO8Bm1ExT+FWfC9sd9r4jwqM7o97gGy2WBshkkXbf/2nLAJQUrZfIhw27yVOtLUev6kSZc4cav/46KbDd8A=="
      }
   }
}
